
Microsoft Visual Studio Solution File, Format Version 12.00
Project("{FAE04EC0-301F-11D3-BF4B-00C04F79EFBC}") = "OwlScheduler.DesktopEdition", "src\OwlScheduler.DesktopEdition\OwlScheduler.DesktopEdition.csproj", "{661FE6DB-ECC8-483F-B6B1-DA0D650F6921}"
EndProject
Project("{FAE04EC0-301F-11D3-BF4B-00C04F79EFBC}") = "OwlScheduler.Library", "src\OwlScheduler.Library\OwlScheduler.Library.csproj", "{74B721DF-83C1-4159-9E9B-484817178981}"
EndProject
Project("{2150E333-8FDC-42A3-9474-1A3956D46DE8}") = "src", "src", "{A887BEB5-DBB6-450D-96AE-652213ED3FA2}"
EndProject
Global
	GlobalSection(SolutionConfigurationPlatforms) = preSolution
		Debug|Any CPU = Debug|Any CPU
		Release|Any CPU = Release|Any CPU
	EndGlobalSection
	GlobalSection(ProjectConfigurationPlatforms) = postSolution
		{661FE6DB-ECC8-483F-B6B1-DA0D650F6921}.Debug|Any CPU.ActiveCfg = Debug|Any CPU
		{661FE6DB-ECC8-483F-B6B1-DA0D650F6921}.Debug|Any CPU.Build.0 = Debug|Any CPU
		{661FE6DB-ECC8-483F-B6B1-DA0D650F6921}.Release|Any CPU.ActiveCfg = Release|Any CPU
		{661FE6DB-ECC8-483F-B6B1-DA0D650F6921}.Release|Any CPU.Build.0 = Release|Any CPU
		{74B721DF-83C1-4159-9E9B-484817178981}.Debug|Any CPU.ActiveCfg = Debug|Any CPU
		{74B721DF-83C1-4159-9E9B-484817178981}.Debug|Any CPU.Build.0 = Debug|Any CPU
		{74B721DF-83C1-4159-9E9B-484817178981}.Release|Any CPU.ActiveCfg = Release|Any CPU
		{74B721DF-83C1-4159-9E9B-484817178981}.Release|Any CPU.Build.0 = Release|Any CPU
	EndGlobalSection
	GlobalSection(NestedProjects) = preSolution
		{661FE6DB-ECC8-483F-B6B1-DA0D650F6921} = {A887BEB5-DBB6-450D-96AE-652213ED3FA2}
		{74B721DF-83C1-4159-9E9B-484817178981} = {A887BEB5-DBB6-450D-96AE-652213ED3FA2}
	EndGlobalSection
EndGlobal
